
Microsoft Visual Studio Solution File, Format Version 12.00
# Visual Studio Version 17
VisualStudioVersion = 17.6.33815.320
MinimumVisualStudioVersion = 10.0.40219.1
Project("{FAE04EC0-301F-11D3-BF4B-00C04F79EFBC}") = "proje1", "proje1.csproj", "{399D8B0F-D360-4034-B136-B9B474F4F4D2}"
EndProject
Global
	GlobalSection(SolutionConfigurationPlatforms) = preSolution
		Debug|Any CPU = Debug|Any CPU
		Release|Any CPU = Release|Any CPU
	EndGlobalSection
	GlobalSection(ProjectConfigurationPlatforms) = postSolution
		{399D8B0F-D360-4034-B136-B9B474F4F4D2}.Debug|Any CPU.ActiveCfg = Debug|Any CPU
		{399D8B0F-D360-4034-B136-B9B474F4F4D2}.Debug|Any CPU.Build.0 = Debug|Any CPU
		{399D8B0F-D360-4034-B136-B9B474F4F4D2}.Release|Any CPU.ActiveCfg = Release|Any CPU
		{399D8B0F-D360-4034-B136-B9B474F4F4D2}.Release|Any CPU.Build.0 = Release|Any CPU
	EndGlobalSection
	GlobalSection(SolutionProperties) = preSolution
		HideSolutionNode = FALSE
	EndGlobalSection
	GlobalSection(ExtensibilityGlobals) = postSolution
		SolutionGuid = {F8BD6195-A7D1-4FFF-8BB3-496E291AB1FE}
	EndGlobalSection
EndGlobal
